
Microsoft Visual Studio Solution File, Format Version 12.00
# Visual Studio Version 17
VisualStudioVersion = 17.6.33815.320
MinimumVisualStudioVersion = 10.0.40219.1
Project("{FAE04EC0-301F-11D3-BF4B-00C04F79EFBC}") = "CursoAPIPlatzi", "CursoAPIPlatzi\CursoAPIPlatzi.csproj", "{2B7FFEC3-6D4F-4FE2-956A-1B8ABF9B490A}"
EndProject
Global
	GlobalSection(SolutionConfigurationPlatforms) = preSolution
		Debug|Any CPU = Debug|Any CPU
		Release|Any CPU = Release|Any CPU
	EndGlobalSection
	GlobalSection(ProjectConfigurationPlatforms) = postSolution
		{2B7FFEC3-6D4F-4FE2-956A-1B8ABF9B490A}.Debug|Any CPU.ActiveCfg = Debug|Any CPU
		{2B7FFEC3-6D4F-4FE2-956A-1B8ABF9B490A}.Debug|Any CPU.Build.0 = Debug|Any CPU
		{2B7FFEC3-6D4F-4FE2-956A-1B8ABF9B490A}.Release|Any CPU.ActiveCfg = Release|Any CPU
		{2B7FFEC3-6D4F-4FE2-956A-1B8ABF9B490A}.Release|Any CPU.Build.0 = Release|Any CPU
	EndGlobalSection
	GlobalSection(SolutionProperties) = preSolution
		HideSolutionNode = FALSE
	EndGlobalSection
	GlobalSection(ExtensibilityGlobals) = postSolution
		SolutionGuid = {8DF5110F-BFAB-40AB-B7CF-F78C4EEEBD6F}
	EndGlobalSection
EndGlobal
